
Microsoft Visual Studio Solution File, Format Version 12.00
# Visual Studio 2013
VisualStudioVersion = 12.0.31101.0
MinimumVisualStudioVersion = 10.0.40219.1
Project("{FAE04EC0-301F-11D3-BF4B-00C04F79EFBC}") = "TableauDataExtractor", "TableauDataExtractor\TableauDataExtractor.csproj", "{E8F92795-A265-4A6B-AA86-9CDF0273F89E}"
EndProject
Project("{54435603-DBB4-11D2-8724-00A0C9A8B90C}") = "Setup", "Setup\Setup.vdproj", "{F91A97D0-63BA-41E0-B8EC-EC5D9B89F8A9}"
EndProject
Global
	GlobalSection(TeamFoundationVersionControl) = preSolution
		SccNumberOfProjects = 3
		SccEnterpriseProvider = {4CA58AB2-18FA-4F8D-95D4-32DDF27D184C}
		SccTeamFoundationServer = https://urigashvili.visualstudio.com/defaultcollection
		SccLocalPath0 = .
		SccProjectUniqueName1 = Setup\\Setup.vdproj
		SccProjectName1 = Setup
		SccLocalPath1 = Setup
		SccProjectUniqueName2 = TableauDataExtractor\\TableauDataExtractor.csproj
		SccProjectName2 = TableauDataExtractor
		SccLocalPath2 = TableauDataExtractor
	EndGlobalSection
	GlobalSection(SolutionConfigurationPlatforms) = preSolution
		Debug|Any CPU = Debug|Any CPU
		Release|Any CPU = Release|Any CPU
	EndGlobalSection
	GlobalSection(ProjectConfigurationPlatforms) = postSolution
		{E8F92795-A265-4A6B-AA86-9CDF0273F89E}.Debug|Any CPU.ActiveCfg = Debug|Any CPU
		{E8F92795-A265-4A6B-AA86-9CDF0273F89E}.Debug|Any CPU.Build.0 = Debug|Any CPU
		{E8F92795-A265-4A6B-AA86-9CDF0273F89E}.Release|Any CPU.ActiveCfg = Release|Any CPU
		{E8F92795-A265-4A6B-AA86-9CDF0273F89E}.Release|Any CPU.Build.0 = Release|Any CPU
		{F91A97D0-63BA-41E0-B8EC-EC5D9B89F8A9}.Debug|Any CPU.ActiveCfg = Debug
		{F91A97D0-63BA-41E0-B8EC-EC5D9B89F8A9}.Release|Any CPU.ActiveCfg = Release
	EndGlobalSection
	GlobalSection(SolutionProperties) = preSolution
		HideSolutionNode = FALSE
	EndGlobalSection
EndGlobal
