
Microsoft Visual Studio Solution File, Format Version 12.00
# Visual Studio 14
VisualStudioVersion = 14.0.25420.1
MinimumVisualStudioVersion = 10.0.40219.1
Project("{FAE04EC0-301F-11D3-BF4B-00C04F79EFBC}") = "TableauDataExtractor", "TableauDataExtractor\TableauDataExtractor\TableauDataExtractor.csproj", "{E8F92795-A265-4A6B-AA86-9CDF0273F89E}"
EndProject
Project("{54435603-DBB4-11D2-8724-00A0C9A8B90C}") = "TableauDataExtractorSetup", "TableauDataExtractorSetup\TableauDataExtractorSetup.vdproj", "{FA231EF1-636C-43DF-B7FC-FA913A5689A2}"
EndProject
Project("{2150E333-8FDC-42A3-9474-1A3956D46DE8}") = "Solution Items", "Solution Items", "{A6E005C3-7763-4B8A-9B24-735959761821}"
	ProjectSection(SolutionItems) = preProject
		README.md = README.md
	EndProjectSection
EndProject
Global
	GlobalSection(SolutionConfigurationPlatforms) = preSolution
		AL101|Any CPU = AL101|Any CPU
		Debug|Any CPU = Debug|Any CPU
		Release|Any CPU = Release|Any CPU
		TS101|Any CPU = TS101|Any CPU
	EndGlobalSection
	GlobalSection(ProjectConfigurationPlatforms) = postSolution
		{E8F92795-A265-4A6B-AA86-9CDF0273F89E}.AL101|Any CPU.ActiveCfg = AL101|Any CPU
		{E8F92795-A265-4A6B-AA86-9CDF0273F89E}.AL101|Any CPU.Build.0 = AL101|Any CPU
		{E8F92795-A265-4A6B-AA86-9CDF0273F89E}.Debug|Any CPU.ActiveCfg = Debug|Any CPU
		{E8F92795-A265-4A6B-AA86-9CDF0273F89E}.Debug|Any CPU.Build.0 = Debug|Any CPU
		{E8F92795-A265-4A6B-AA86-9CDF0273F89E}.Release|Any CPU.ActiveCfg = Release|Any CPU
		{E8F92795-A265-4A6B-AA86-9CDF0273F89E}.Release|Any CPU.Build.0 = Release|Any CPU
		{E8F92795-A265-4A6B-AA86-9CDF0273F89E}.TS101|Any CPU.ActiveCfg = TS101|Any CPU
		{E8F92795-A265-4A6B-AA86-9CDF0273F89E}.TS101|Any CPU.Build.0 = TS101|Any CPU
		{FA231EF1-636C-43DF-B7FC-FA913A5689A2}.AL101|Any CPU.ActiveCfg = Release
		{FA231EF1-636C-43DF-B7FC-FA913A5689A2}.Debug|Any CPU.ActiveCfg = Debug
		{FA231EF1-636C-43DF-B7FC-FA913A5689A2}.Release|Any CPU.ActiveCfg = Release
		{FA231EF1-636C-43DF-B7FC-FA913A5689A2}.TS101|Any CPU.ActiveCfg = Release
	EndGlobalSection
	GlobalSection(SolutionProperties) = preSolution
		HideSolutionNode = FALSE
	EndGlobalSection
EndGlobal
